
Microsoft Visual Studio Solution File, Format Version 12.00
# Visual Studio 15
VisualStudioVersion = 15.0.28307.572
MinimumVisualStudioVersion = 10.0.40219.1
Project("{FAE04EC0-301F-11D3-BF4B-00C04F79EFBC}") = "EnhancedAI", "EnhancedAI\EnhancedAI.csproj", "{055294CA-61BD-4DE0-B2E2-6BC2A579719B}"
EndProject
Global
	GlobalSection(SolutionConfigurationPlatforms) = preSolution
		Debug|Any CPU = Debug|Any CPU
		Release|Any CPU = Release|Any CPU
	EndGlobalSection
	GlobalSection(ProjectConfigurationPlatforms) = postSolution
		{055294CA-61BD-4DE0-B2E2-6BC2A579719B}.Debug|Any CPU.ActiveCfg = Debug|Any CPU
		{055294CA-61BD-4DE0-B2E2-6BC2A579719B}.Debug|Any CPU.Build.0 = Debug|Any CPU
		{055294CA-61BD-4DE0-B2E2-6BC2A579719B}.Release|Any CPU.ActiveCfg = Release|Any CPU
		{055294CA-61BD-4DE0-B2E2-6BC2A579719B}.Release|Any CPU.Build.0 = Release|Any CPU
	EndGlobalSection
	GlobalSection(SolutionProperties) = preSolution
		HideSolutionNode = FALSE
	EndGlobalSection
	GlobalSection(ExtensibilityGlobals) = postSolution
		SolutionGuid = {7418C6F6-AC38-4C6F-825A-5DB4ED6597B8}
	EndGlobalSection
EndGlobal
